<?xml version="1.0" encoding="utf-8"?>
<Project ToolsVersion="4.0" xmlns="http://schemas.microsoft.com/developer/msbuild/2003">
  <ItemGroup>
    <Filter Include="Source Files">
      <UniqueIdentifier>{4FC737F1-C7A5-4376-A066-2A32D752A2FF}</UniqueIdentifier>
      <Extensions>cpp;c;cc;cxx;c++;cppm;ixx;def;odl;idl;hpj;bat;asm;asmx</Extensions>
    </Filter>
    <Filter Include="Header Files">
      <UniqueIdentifier>{93995380-89BD-4b04-88EB-625FBE52EBFB}</UniqueIdentifier>
      <Extensions>h;hh;hpp;hxx;h++;hm;inl;inc;ipp;xsd</Extensions>
    </Filter>
    <Filter Include="Resource Files">
      <UniqueIdentifier>{67DA6AB6-F800-4c08-8B7A-83BB121AAD01}</UniqueIdentifier>
      <Extensions>rc;ico;cur;bmp;dlg;rc2;rct;bin;rgs;gif;jpg;jpeg;jpe;resx;tiff;tif;png;wav;mfcribbon-ms</Extensions>
    </Filter>
    <Filter Include="Header Files\Foods">
      <UniqueIdentifier>{35b2e7ba-9ff2-4d29-b2c2-d88d8cd84d43}</UniqueIdentifier>
    </Filter>
    <Filter Include="Header Files\Snakes">
      <UniqueIdentifier>{34d84a0b-a4ba-46d7-ba21-c681726b9b6b}</UniqueIdentifier>
    </Filter>
    <Filter Include="Source Files\Foods">
      <UniqueIdentifier>{c61c9075-a22b-4abf-9dca-2d556be02687}</UniqueIdentifier>
    </Filter>
    <Filter Include="Source Files\Snakes">
      <UniqueIdentifier>{1983291b-1959-46d1-832a-96002d8dd589}</UniqueIdentifier>
    </Filter>
    <Filter Include="Header Files\Element">
      <UniqueIdentifier>{51848d1f-f972-4501-9d7c-340162e9fce8}</UniqueIdentifier>
    </Filter>
    <Filter Include="Header Files\System">
      <UniqueIdentifier>{3b0736de-f2de-4780-83c9-4a9411e97ec4}</UniqueIdentifier>
    </Filter>
    <Filter Include="Source Files\Element">
      <UniqueIdentifier>{69758a29-6f4d-42bb-8b11-06121cdea26f}</UniqueIdentifier>
    </Filter>
    <Filter Include="Source Files\System">
      <UniqueIdentifier>{4ec1e282-3bcd-4125-b3f2-df4f8ef99390}</UniqueIdentifier>
    </Filter>
    <Filter Include="Header Files\MapObject">
      <UniqueIdentifier>{0c91df3d-d53f-4eb1-a0b2-5db512198340}</UniqueIdentifier>
    </Filter>
    <Filter Include="Source Files\MapObject">
      <UniqueIdentifier>{027f81ff-bdc4-4ccb-a7cd-41118f2e9226}</UniqueIdentifier>
    </Filter>
    <Filter Include="Header Files\Render">
      <UniqueIdentifier>{c71af361-ed79-4c9e-bc8b-a66480afd973}</UniqueIdentifier>
    </Filter>
    <Filter Include="Source Files\Render">
      <UniqueIdentifier>{9e4c337f-3e74-49d1-9690-7b106cb904ba}</UniqueIdentifier>
    </Filter>
  </ItemGroup>
  <ItemGroup>
    <ClCompile Include="Main.cpp">
      <Filter>Source Files</Filter>
    </ClCompile>
    <ClCompile Include="Food.cpp">
      <Filter>Source Files\Foods</Filter>
    </ClCompile>
    <ClCompile Include="AirSnake.cpp">
      <Filter>Source Files\Snakes</Filter>
    </ClCompile>
    <ClCompile Include="HashSnake.cpp">
      <Filter>Source Files\Snakes</Filter>
    </ClCompile>
    <ClCompile Include="OakSnake.cpp">
      <Filter>Source Files\Snakes</Filter>
    </ClCompile>
    <ClCompile Include="Snake.cpp">
      <Filter>Source Files\Snakes</Filter>
    </ClCompile>
    <ClCompile Include="Time.cpp">
      <Filter>Source Files\Element</Filter>
    </ClCompile>
    <ClCompile Include="Transform.cpp">
      <Filter>Source Files\Element</Filter>
    </ClCompile>
    <ClCompile Include="GameSystem.cpp">
      <Filter>Source Files\System</Filter>
    </ClCompile>
    <ClCompile Include="AirFood.cpp">
      <Filter>Source Files\Foods</Filter>
    </ClCompile>
    <ClCompile Include="HashFood.cpp">
      <Filter>Source Files\Foods</Filter>
    </ClCompile>
    <ClCompile Include="OakFood.cpp">
      <Filter>Source Files\Foods</Filter>
    </ClCompile>
    <ClCompile Include="ObjectCreation.cpp">
      <Filter>Source Files\System</Filter>
    </ClCompile>
    <ClCompile Include="InnerWall.cpp">
      <Filter>Source Files\MapObject</Filter>
    </ClCompile>
    <ClCompile Include="Board.cpp">
      <Filter>Source Files\Render</Filter>
    </ClCompile>
    <ClCompile Include="DiamondBoard.cpp">
      <Filter>Source Files\Render</Filter>
    </ClCompile>
    <ClCompile Include="DefaultBoard.cpp">
      <Filter>Source Files\Render</Filter>
    </ClCompile>
  </ItemGroup>
  <ItemGroup>
    <ClInclude Include="AllHeaderFile.h">
      <Filter>Header Files</Filter>
    </ClInclude>
    <ClInclude Include="Food.h">
      <Filter>Header Files\Foods</Filter>
    </ClInclude>
    <ClInclude Include="AirSnake.h">
      <Filter>Header Files\Snakes</Filter>
    </ClInclude>
    <ClInclude Include="HashSnake.h">
      <Filter>Header Files\Snakes</Filter>
    </ClInclude>
    <ClInclude Include="OakSnake.h">
      <Filter>Header Files\Snakes</Filter>
    </ClInclude>
    <ClInclude Include="Snake.h">
      <Filter>Header Files\Snakes</Filter>
    </ClInclude>
    <ClInclude Include="Time.h">
      <Filter>Header Files\Element</Filter>
    </ClInclude>
    <ClInclude Include="Transform.h">
      <Filter>Header Files\Element</Filter>
    </ClInclude>
    <ClInclude Include="GameSystem.h">
      <Filter>Header Files\System</Filter>
    </ClInclude>
    <ClInclude Include="AirFood.h">
      <Filter>Header Files\Foods</Filter>
    </ClInclude>
    <ClInclude Include="HashFood.h">
      <Filter>Header Files\Foods</Filter>
    </ClInclude>
    <ClInclude Include="OakFood.h">
      <Filter>Header Files\Foods</Filter>
    </ClInclude>
    <ClInclude Include="ObjectCreation.h">
      <Filter>Header Files\System</Filter>
    </ClInclude>
    <ClInclude Include="InnerWall.h">
      <Filter>Header Files\MapObject</Filter>
    </ClInclude>
    <ClInclude Include="Board.h">
      <Filter>Header Files\Render</Filter>
    </ClInclude>
    <ClInclude Include="DiamondBoard.h">
      <Filter>Header Files\Render</Filter>
    </ClInclude>
    <ClInclude Include="DefaultBoard.h">
      <Filter>Header Files\Render</Filter>
    </ClInclude>
  </ItemGroup>
  <ItemGroup>
    <None Include="ClassDiagram.cd" />
  </ItemGroup>
</Project>